
Microsoft Visual Studio Solution File, Format Version 12.00
# Visual Studio Version 16
VisualStudioVersion = 16.0.30406.217
MinimumVisualStudioVersion = 10.0.40219.1
Project("{FAE04EC0-301F-11D3-BF4B-00C04F79EFBC}") = "Edytor graficzny", "Edytor graficzny.csproj", "{B9449B2D-1BF2-4010-8797-BF038D20D281}"
EndProject
Global
	GlobalSection(SolutionConfigurationPlatforms) = preSolution
		Debug|Any CPU = Debug|Any CPU
		Release|Any CPU = Release|Any CPU
	EndGlobalSection
	GlobalSection(ProjectConfigurationPlatforms) = postSolution
		{B9449B2D-1BF2-4010-8797-BF038D20D281}.Debug|Any CPU.ActiveCfg = Debug|Any CPU
		{B9449B2D-1BF2-4010-8797-BF038D20D281}.Debug|Any CPU.Build.0 = Debug|Any CPU
		{B9449B2D-1BF2-4010-8797-BF038D20D281}.Release|Any CPU.ActiveCfg = Release|Any CPU
		{B9449B2D-1BF2-4010-8797-BF038D20D281}.Release|Any CPU.Build.0 = Release|Any CPU
	EndGlobalSection
	GlobalSection(SolutionProperties) = preSolution
		HideSolutionNode = FALSE
	EndGlobalSection
	GlobalSection(ExtensibilityGlobals) = postSolution
		SolutionGuid = {ABBCB96B-510E-495C-8C9B-23D95F37C23A}
	EndGlobalSection
EndGlobal
